Microsoft Visual Studio Solution File, Format Version 12.00
# Visual Studio Version 17
VisualStudioVersion = 17.5.2.0
MinimumVisualStudioVersion = 10.0.40219.1
Project("{FAE04EC0-301F-11D3-BF4B-00C04F79EFBC}") = "actividad1Notas", "actividad1Notas\actividad1Notas.csproj", "{7741F3EE-5C70-6EE3-6EC5-B35762E8A840}"
EndProject
Global
	GlobalSection(SolutionConfigurationPlatforms) = preSolution
		Debug|Any CPU = Debug|Any CPU
		Release|Any CPU = Release|Any CPU
	EndGlobalSection
	GlobalSection(ProjectConfigurationPlatforms) = postSolution
		{7741F3EE-5C70-6EE3-6EC5-B35762E8A840}.Debug|Any CPU.ActiveCfg = Debug|Any CPU
		{7741F3EE-5C70-6EE3-6EC5-B35762E8A840}.Debug|Any CPU.Build.0 = Debug|Any CPU
		{7741F3EE-5C70-6EE3-6EC5-B35762E8A840}.Release|Any CPU.ActiveCfg = Release|Any CPU
		{7741F3EE-5C70-6EE3-6EC5-B35762E8A840}.Release|Any CPU.Build.0 = Release|Any CPU
	EndGlobalSection
	GlobalSection(SolutionProperties) = preSolution
		HideSolutionNode = FALSE
	EndGlobalSection
	GlobalSection(ExtensibilityGlobals) = postSolution
		SolutionGuid = {5CF7AB67-5CB5-43BA-BB80-A9D515894B64}
	EndGlobalSection
EndGlobal
